# This file is autogenerated, do not edit; changes may be undone by the next 'dep ensure'.


[[projects]]
  name = "github.com/teris-io/shortid.git"
  packages = ["."]
  revision = "6c56cef5189ca1b3d5ef01dc07f4d611dfc0bb33"
  version = "v1.0"

[solve-meta]
  analyzer-name = "dep"
  analyzer-version = 1
  inputs-digest = "e286b86c91bcad236ccdcdad13abcb6f2f21cae948834e42c0009d73177fe1de"
  solver-name = "gps-cdcl"
  solver-version = 1
